
Microsoft Visual Studio Solution File, Format Version 12.00
# Visual Studio Version 17
VisualStudioVersion = 17.5.33627.172
MinimumVisualStudioVersion = 10.0.40219.1
Project("{FAE04EC0-301F-11D3-BF4B-00C04F79EFBC}") = "SEMS-API-V2", "SEMS-API-V2\SEMS-API-V2.csproj", "{95F71A60-95B5-4B24-B4C6-D38E8560BF88}"
EndProject
Project("{FAE04EC0-301F-11D3-BF4B-00C04F79EFBC}") = "Core", "Core\Core.csproj", "{09384108-5C32-49AD-A594-43631B921D2E}"
EndProject
Project("{FAE04EC0-301F-11D3-BF4B-00C04F79EFBC}") = "Services", "Services\Services.csproj", "{C460AFEF-6EFF-498F-8BF0-2B9E13411813}"
EndProject
Project("{FAE04EC0-301F-11D3-BF4B-00C04F79EFBC}") = "Infrastructure", "Infrastructure\Infrastructure.csproj", "{EF93F931-4238-4094-AFB4-9FA635C916D7}"
EndProject
Global
	GlobalSection(SolutionConfigurationPlatforms) = preSolution
		Debug|Any CPU = Debug|Any CPU
		Release|Any CPU = Release|Any CPU
	EndGlobalSection
	GlobalSection(ProjectConfigurationPlatforms) = postSolution
		{95F71A60-95B5-4B24-B4C6-D38E8560BF88}.Debug|Any CPU.ActiveCfg = Debug|Any CPU
		{95F71A60-95B5-4B24-B4C6-D38E8560BF88}.Debug|Any CPU.Build.0 = Debug|Any CPU
		{95F71A60-95B5-4B24-B4C6-D38E8560BF88}.Release|Any CPU.ActiveCfg = Release|Any CPU
		{95F71A60-95B5-4B24-B4C6-D38E8560BF88}.Release|Any CPU.Build.0 = Release|Any CPU
		{09384108-5C32-49AD-A594-43631B921D2E}.Debug|Any CPU.ActiveCfg = Debug|Any CPU
		{09384108-5C32-49AD-A594-43631B921D2E}.Debug|Any CPU.Build.0 = Debug|Any CPU
		{09384108-5C32-49AD-A594-43631B921D2E}.Release|Any CPU.ActiveCfg = Release|Any CPU
		{09384108-5C32-49AD-A594-43631B921D2E}.Release|Any CPU.Build.0 = Release|Any CPU
		{C460AFEF-6EFF-498F-8BF0-2B9E13411813}.Debug|Any CPU.ActiveCfg = Debug|Any CPU
		{C460AFEF-6EFF-498F-8BF0-2B9E13411813}.Debug|Any CPU.Build.0 = Debug|Any CPU
		{C460AFEF-6EFF-498F-8BF0-2B9E13411813}.Release|Any CPU.ActiveCfg = Release|Any CPU
		{C460AFEF-6EFF-498F-8BF0-2B9E13411813}.Release|Any CPU.Build.0 = Release|Any CPU
		{EF93F931-4238-4094-AFB4-9FA635C916D7}.Debug|Any CPU.ActiveCfg = Debug|Any CPU
		{EF93F931-4238-4094-AFB4-9FA635C916D7}.Debug|Any CPU.Build.0 = Debug|Any CPU
		{EF93F931-4238-4094-AFB4-9FA635C916D7}.Release|Any CPU.ActiveCfg = Release|Any CPU
		{EF93F931-4238-4094-AFB4-9FA635C916D7}.Release|Any CPU.Build.0 = Release|Any CPU
	EndGlobalSection
	GlobalSection(SolutionProperties) = preSolution
		HideSolutionNode = FALSE
	EndGlobalSection
	GlobalSection(ExtensibilityGlobals) = postSolution
		SolutionGuid = {13E09B16-3E78-4E03-B968-C9E5D5DD243F}
	EndGlobalSection
EndGlobal
